# Quartus Settings File — DE2-115 LCD Demo ("display de2-115 agent working")
set_global_assignment -name FAMILY "Cyclone IV E"
set_global_assignment -name DEVICE EP4CE115F29C7
set_global_assignment -name TOP_LEVEL_ENTITY lcd_demo
set_global_assignment -name PROJECT_OUTPUT_DIRECTORY output_files
set_global_assignment -name SOURCE_FILE lcd_demo.v

# ── Clock ──────────────────────────────────────────────────
set_location_assignment -to clk      PIN_Y2    # CLOCK_50 (50 MHz)

# ── LCD 16x2 Module (HD44780, 8-bit mode) ──────────────────
set_location_assignment -to lcd_data[0] PIN_L3
set_location_assignment -to lcd_data[1] PIN_L1
set_location_assignment -to lcd_data[2] PIN_L2
set_location_assignment -to lcd_data[3] PIN_K7
set_location_assignment -to lcd_data[4] PIN_K1
set_location_assignment -to lcd_data[5] PIN_K2
set_location_assignment -to lcd_data[6] PIN_M3
set_location_assignment -to lcd_data[7] PIN_M5

set_location_assignment -to lcd_en   PIN_L4
set_location_assignment -to lcd_rw   PIN_M1
set_location_assignment -to lcd_rs   PIN_M2
set_location_assignment -to lcd_on   PIN_L5
set_location_assignment -to lcd_blon PIN_L6

set_instance_assignment -name IO_STANDARD "3.3-V LVTTL" -to lcd_data[0]
set_instance_assignment -name IO_STANDARD "3.3-V LVTTL" -to lcd_data[1]
set_instance_assignment -name IO_STANDARD "3.3-V LVTTL" -to lcd_data[2]
set_instance_assignment -name IO_STANDARD "3.3-V LVTTL" -to lcd_data[3]
set_instance_assignment -name IO_STANDARD "3.3-V LVTTL" -to lcd_data[4]
set_instance_assignment -name IO_STANDARD "3.3-V LVTTL" -to lcd_data[5]
set_instance_assignment -name IO_STANDARD "3.3-V LVTTL" -to lcd_data[6]
set_instance_assignment -name IO_STANDARD "3.3-V LVTTL" -to lcd_data[7]
set_instance_assignment -name IO_STANDARD "3.3-V LVTTL" -to lcd_en
set_instance_assignment -name IO_STANDARD "3.3-V LVTTL" -to lcd_rw
set_instance_assignment -name IO_STANDARD "3.3-V LVTTL" -to lcd_rs
set_instance_assignment -name IO_STANDARD "3.3-V LVTTL" -to lcd_on
set_instance_assignment -name IO_STANDARD "3.3-V LVTTL" -to lcd_blon

# ── LEDR (dancing lights) ──────────────────────────────────
set_location_assignment -to ledr[0]  PIN_G19
set_location_assignment -to ledr[1]  PIN_F19
set_location_assignment -to ledr[2]  PIN_E19
set_location_assignment -to ledr[3]  PIN_F21
set_location_assignment -to ledr[4]  PIN_F18
set_location_assignment -to ledr[5]  PIN_E18
set_location_assignment -to ledr[6]  PIN_J19
set_location_assignment -to ledr[7]  PIN_H19
set_location_assignment -to ledr[8]  PIN_J17
set_location_assignment -to ledr[9]  PIN_G17
set_location_assignment -to ledr[10] PIN_J15
set_location_assignment -to ledr[11] PIN_H16
set_location_assignment -to ledr[12] PIN_J16
set_location_assignment -to ledr[13] PIN_H17
set_location_assignment -to ledr[14] PIN_F15
set_location_assignment -to ledr[15] PIN_G15
set_location_assignment -to ledr[16] PIN_G16
set_location_assignment -to ledr[17] PIN_H15

set_instance_assignment -name IO_STANDARD "3.3-V LVTTL" -to ledr[0]
set_instance_assignment -name IO_STANDARD "3.3-V LVTTL" -to ledr[1]
set_instance_assignment -name IO_STANDARD "3.3-V LVTTL" -to ledr[2]
set_instance_assignment -name IO_STANDARD "3.3-V LVTTL" -to ledr[3]
set_instance_assignment -name IO_STANDARD "3.3-V LVTTL" -to ledr[4]
set_instance_assignment -name IO_STANDARD "3.3-V LVTTL" -to ledr[5]
set_instance_assignment -name IO_STANDARD "3.3-V LVTTL" -to ledr[6]
set_instance_assignment -name IO_STANDARD "3.3-V LVTTL" -to ledr[7]
set_instance_assignment -name IO_STANDARD "3.3-V LVTTL" -to ledr[8]
set_instance_assignment -name IO_STANDARD "3.3-V LVTTL" -to ledr[9]
set_instance_assignment -name IO_STANDARD "3.3-V LVTTL" -to ledr[10]
set_instance_assignment -name IO_STANDARD "3.3-V LVTTL" -to ledr[11]
set_instance_assignment -name IO_STANDARD "3.3-V LVTTL" -to ledr[12]
set_instance_assignment -name IO_STANDARD "3.3-V LVTTL" -to ledr[13]
set_instance_assignment -name IO_STANDARD "3.3-V LVTTL" -to ledr[14]
set_instance_assignment -name IO_STANDARD "3.3-V LVTTL" -to ledr[15]
set_instance_assignment -name IO_STANDARD "3.3-V LVTTL" -to ledr[16]
set_instance_assignment -name IO_STANDARD "3.3-V LVTTL" -to ledr[17]

set_global_assignment -name LAST_QUARTUS_VERSION 10.0
